// !$*UTF8*$!
{
	archiveVersion = 1;
	classes = {
	};
	objectVersion = 50;
	objects = {

/* Begin PBXBuildFile section */
		103A38B4213460EB00343B4C /* AppDelegate.swift in Sources */ = {isa = PBXBuildFile; fileRef = 103A38B3213460EB00343B4C /* AppDelegate.swift */; };
		103A38B6213460EB00343B4C /* SearchVC.swift in Sources */ = {isa = PBXBuildFile; fileRef = 103A38B5213460EB00343B4C /* SearchVC.swift */; };
		103A38B9213460EB00343B4C /* Main.storyboard in Resources */ = {isa = PBXBuildFile; fileRef = 103A38B7213460EB00343B4C /* Main.storyboard */; };
		103A38BB213460ED00343B4C /* Assets.xcassets in Resources */ = {isa = PBXBuildFile; fileRef = 103A38BA213460ED00343B4C /* Assets.xcassets */; };
		103A38BE213460ED00343B4C /* LaunchScreen.storyboard in Resources */ = {isa = PBXBuildFile; fileRef = 103A38BC213460ED00343B4C /* LaunchScreen.storyboard */; };
		103A38C9213460ED00343B4C /* TenorTests.swift in Sources */ = {isa = PBXBuildFile; fileRef = 103A38C8213460ED00343B4C /* TenorTests.swift */; };
		103A38D42134643300343B4C /* PreviewCell.swift in Sources */ = {isa = PBXBuildFile; fileRef = 103A38D32134643300343B4C /* PreviewCell.swift */; };
		103A38D8213466C200343B4C /* Response.swift in Sources */ = {isa = PBXBuildFile; fileRef = 103A38D7213466C200343B4C /* Response.swift */; };
		103A38DB213467E500343B4C /* GIF.swift in Sources */ = {isa = PBXBuildFile; fileRef = 103A38DA213467E500343B4C /* GIF.swift */; };
		103A38DD21346A5600343B4C /* Media.swift in Sources */ = {isa = PBXBuildFile; fileRef = 103A38DC21346A5600343B4C /* Media.swift */; };
		103A38DF21346CE300343B4C /* MediaCollection.swift in Sources */ = {isa = PBXBuildFile; fileRef = 103A38DE21346CE300343B4C /* MediaCollection.swift */; };
		103A38E12134721100343B4C /* Configuration.swift in Sources */ = {isa = PBXBuildFile; fileRef = 103A38E02134721100343B4C /* Configuration.swift */; };
		103A38E4213474C600343B4C /* EndPoints.swift in Sources */ = {isa = PBXBuildFile; fileRef = 103A38E3213474C600343B4C /* EndPoints.swift */; };
		103A38E62134754100343B4C /* URLManager.swift in Sources */ = {isa = PBXBuildFile; fileRef = 103A38E52134754100343B4C /* URLManager.swift */; };
		103A38E82134765200343B4C /* Alias.swift in Sources */ = {isa = PBXBuildFile; fileRef = 103A38E72134765200343B4C /* Alias.swift */; };
		8717D3D424A3CC981B87255C /* Pods_TenorTests.framework in Frameworks */ = {isa = PBXBuildFile; fileRef = 8CD21D8471592E2C5968FEBF /* Pods_TenorTests.framework */; };
		AD282BAAAC0CE809F1BC8BD3 /* Pods_Tenor.framework in Frameworks */ = {isa = PBXBuildFile; fileRef = 7BA36817410F5CC58B03C731 /* Pods_Tenor.framework */; };
/* End PBXBuildFile section */

/* Begin PBXContainerItemProxy section */
		103A38C5213460ED00343B4C /* PBXContainerItemProxy */ = {
			isa = PBXContainerItemProxy;
			containerPortal = 103A38A8213460EB00343B4C /* Project object */;
			proxyType = 1;
			remoteGlobalIDString = 103A38AF213460EB00343B4C;
			remoteInfo = Tenor;
		};
/* End PBXContainerItemProxy section */

/* Begin PBXFileReference section */
		103A38B0213460EB00343B4C /* Tenor.app */ = {isa = PBXFileReference; explicitFileType = wrapper.application; includeInIndex = 0; path = Tenor.app; sourceTree = BUILT_PRODUCTS_DIR; };
		103A38B3213460EB00343B4C /* AppDelegate.swift */ = {isa = PBXFileReference; lastKnownFileType = sourcecode.swift; path = AppDelegate.swift; sourceTree = "<group>"; };
		103A38B5213460EB00343B4C /* SearchVC.swift */ = {isa = PBXFileReference; lastKnownFileType = sourcecode.swift; path = SearchVC.swift; sourceTree = "<group>"; };
		103A38B8213460EB00343B4C /* Base */ = {isa = PBXFileReference; lastKnownFileType = file.storyboard; name = Base; path = Base.lproj/Main.storyboard; sourceTree = "<group>"; };
		103A38BA213460ED00343B4C /* Assets.xcassets */ = {isa = PBXFileReference; lastKnownFileType = folder.assetcatalog; path = Assets.xcassets; sourceTree = "<group>"; };
		103A38BD213460ED00343B4C /* Base */ = {isa = PBXFileReference; lastKnownFileType = file.storyboard; name = Base; path = Base.lproj/LaunchScreen.storyboard; sourceTree = "<group>"; };
		103A38BF213460ED00343B4C /* Info.plist */ = {isa = PBXFileReference; lastKnownFileType = text.plist.xml; path = Info.plist; sourceTree = "<group>"; };
		103A38C4213460ED00343B4C /* TenorTests.xctest */ = {isa = PBXFileReference; explicitFileType = wrapper.cfbundle; includeInIndex = 0; path = TenorTests.xctest; sourceTree = BUILT_PRODUCTS_DIR; };
		103A38C8213460ED00343B4C /* TenorTests.swift */ = {isa = PBXFileReference; lastKnownFileType = sourcecode.swift; path = TenorTests.swift; sourceTree = "<group>"; };
		103A38CA213460ED00343B4C /* Info.plist */ = {isa = PBXFileReference; lastKnownFileType = text.plist.xml; path = Info.plist; sourceTree = "<group>"; };
		103A38D32134643300343B4C /* PreviewCell.swift */ = {isa = PBXFileReference; lastKnownFileType = sourcecode.swift; path = PreviewCell.swift; sourceTree = "<group>"; };
		103A38D7213466C200343B4C /* Response.swift */ = {isa = PBXFileReference; lastKnownFileType = sourcecode.swift; path = Response.swift; sourceTree = "<group>"; };
		103A38DA213467E500343B4C /* GIF.swift */ = {isa = PBXFileReference; lastKnownFileType = sourcecode.swift; path = GIF.swift; sourceTree = "<group>"; };
		103A38DC21346A5600343B4C /* Media.swift */ = {isa = PBXFileReference; lastKnownFileType = sourcecode.swift; path = Media.swift; sourceTree = "<group>"; };
		103A38DE21346CE300343B4C /* MediaCollection.swift */ = {isa = PBXFileReference; lastKnownFileType = sourcecode.swift; path = MediaCollection.swift; sourceTree = "<group>"; };
		103A38E02134721100343B4C /* Configuration.swift */ = {isa = PBXFileReference; lastKnownFileType = sourcecode.swift; path = Configuration.swift; sourceTree = "<group>"; };
		103A38E3213474C600343B4C /* EndPoints.swift */ = {isa = PBXFileReference; lastKnownFileType = sourcecode.swift; path = EndPoints.swift; sourceTree = "<group>"; };
		103A38E52134754100343B4C /* URLManager.swift */ = {isa = PBXFileReference; lastKnownFileType = sourcecode.swift; path = URLManager.swift; sourceTree = "<group>"; };
		103A38E72134765200343B4C /* Alias.swift */ = {isa = PBXFileReference; lastKnownFileType = sourcecode.swift; path = Alias.swift; sourceTree = "<group>"; };
		178EC28A69CFC738B5DCED14 /* Pods-TenorTests.debug.xcconfig */ = {isa = PBXFileReference; includeInIndex = 1; lastKnownFileType = text.xcconfig; name = "Pods-TenorTests.debug.xcconfig"; path = "Pods/Target Support Files/Pods-TenorTests/Pods-TenorTests.debug.xcconfig"; sourceTree = "<group>"; };
		33C070874EB971D05329F888 /* Pods-TenorTests.release.xcconfig */ = {isa = PBXFileReference; includeInIndex = 1; lastKnownFileType = text.xcconfig; name = "Pods-TenorTests.release.xcconfig"; path = "Pods/Target Support Files/Pods-TenorTests/Pods-TenorTests.release.xcconfig"; sourceTree = "<group>"; };
		7BA36817410F5CC58B03C731 /* Pods_Tenor.framework */ = {isa = PBXFileReference; explicitFileType = wrapper.framework; includeInIndex = 0; path = Pods_Tenor.framework; sourceTree = BUILT_PRODUCTS_DIR; };
		8CD21D8471592E2C5968FEBF /* Pods_TenorTests.framework */ = {isa = PBXFileReference; explicitFileType = wrapper.framework; includeInIndex = 0; path = Pods_TenorTests.framework; sourceTree = BUILT_PRODUCTS_DIR; };
		E2F6392B4A89950D616585D3 /* Pods-Tenor.release.xcconfig */ = {isa = PBXFileReference; includeInIndex = 1; lastKnownFileType = text.xcconfig; name = "Pods-Tenor.release.xcconfig"; path = "Pods/Target Support Files/Pods-Tenor/Pods-Tenor.release.xcconfig"; sourceTree = "<group>"; };
		E5A13FA28AF29149676D4425 /* Pods-Tenor.debug.xcconfig */ = {isa = PBXFileReference; includeInIndex = 1; lastKnownFileType = text.xcconfig; name = "Pods-Tenor.debug.xcconfig"; path = "Pods/Target Support Files/Pods-Tenor/Pods-Tenor.debug.xcconfig"; sourceTree = "<group>"; };
/* End PBXFileReference section */

/* Begin PBXFrameworksBuildPhase section */
		103A38AD213460EB00343B4C /* Frameworks */ = {
			isa = PBXFrameworksBuildPhase;
			buildActionMask = 2147483647;
			files = (
				AD282BAAAC0CE809F1BC8BD3 /* Pods_Tenor.framework in Frameworks */,
			);
			runOnlyForDeploymentPostprocessing = 0;
		};
		103A38C1213460ED00343B4C /* Frameworks */ = {
			isa = PBXFrameworksBuildPhase;
			buildActionMask = 2147483647;
			files = (
				8717D3D424A3CC981B87255C /* Pods_TenorTests.framework in Frameworks */,
			);
			runOnlyForDeploymentPostprocessing = 0;
		};
/* End PBXFrameworksBuildPhase section */

/* Begin PBXGroup section */
		103A38A7213460EB00343B4C = {
			isa = PBXGroup;
			children = (
				103A38B2213460EB00343B4C /* Tenor */,
				103A38C7213460ED00343B4C /* TenorTests */,
				103A38B1213460EB00343B4C /* Products */,
				DD270BBEA87ACDADBB5D75A6 /* Pods */,
				F459CD23D75D30300A8B02C8 /* Frameworks */,
			);
			sourceTree = "<group>";
		};
		103A38B1213460EB00343B4C /* Products */ = {
			isa = PBXGroup;
			children = (
				103A38B0213460EB00343B4C /* Tenor.app */,
				103A38C4213460ED00343B4C /* TenorTests.xctest */,
			);
			name = Products;
			sourceTree = "<group>";
		};
		103A38B2213460EB00343B4C /* Tenor */ = {
			isa = PBXGroup;
			children = (
				103A38B3213460EB00343B4C /* AppDelegate.swift */,
				103A38B7213460EB00343B4C /* Main.storyboard */,
				103A38E02134721100343B4C /* Configuration.swift */,
				103A38E72134765200343B4C /* Alias.swift */,
				103A38E2213474B800343B4C /* Network */,
				103A38D9213466C700343B4C /* Models */,
				103A38D6213466B300343B4C /* Controllers */,
				103A38D5213466A600343B4C /* Views */,
				103A38E921347D4800343B4C /* Resources */,
				103A38BF213460ED00343B4C /* Info.plist */,
			);
			path = Tenor;
			sourceTree = "<group>";
		};
		103A38C7213460ED00343B4C /* TenorTests */ = {
			isa = PBXGroup;
			children = (
				103A38C8213460ED00343B4C /* TenorTests.swift */,
				103A38CA213460ED00343B4C /* Info.plist */,
			);
			path = TenorTests;
			sourceTree = "<group>";
		};
		103A38D5213466A600343B4C /* Views */ = {
			isa = PBXGroup;
			children = (
				103A38D32134643300343B4C /* PreviewCell.swift */,
			);
			path = Views;
			sourceTree = "<group>";
		};
		103A38D6213466B300343B4C /* Controllers */ = {
			isa = PBXGroup;
			children = (
				103A38B5213460EB00343B4C /* SearchVC.swift */,
			);
			path = Controllers;
			sourceTree = "<group>";
		};
		103A38D9213466C700343B4C /* Models */ = {
			isa = PBXGroup;
			children = (
				103A38D7213466C200343B4C /* Response.swift */,
				103A38DA213467E500343B4C /* GIF.swift */,
				103A38DE21346CE300343B4C /* MediaCollection.swift */,
				103A38DC21346A5600343B4C /* Media.swift */,
			);
			path = Models;
			sourceTree = "<group>";
		};
		103A38E2213474B800343B4C /* Network */ = {
			isa = PBXGroup;
			children = (
				103A38E3213474C600343B4C /* EndPoints.swift */,
				103A38E52134754100343B4C /* URLManager.swift */,
			);
			path = Network;
			sourceTree = "<group>";
		};
		103A38E921347D4800343B4C /* Resources */ = {
			isa = PBXGroup;
			children = (
				103A38BA213460ED00343B4C /* Assets.xcassets */,
				103A38BC213460ED00343B4C /* LaunchScreen.storyboard */,
			);
			path = Resources;
			sourceTree = "<group>";
		};
		DD270BBEA87ACDADBB5D75A6 /* Pods */ = {
			isa = PBXGroup;
			children = (
				E5A13FA28AF29149676D4425 /* Pods-Tenor.debug.xcconfig */,
				E2F6392B4A89950D616585D3 /* Pods-Tenor.release.xcconfig */,
				178EC28A69CFC738B5DCED14 /* Pods-TenorTests.debug.xcconfig */,
				33C070874EB971D05329F888 /* Pods-TenorTests.release.xcconfig */,
			);
			name = Pods;
			sourceTree = "<group>";
		};
		F459CD23D75D30300A8B02C8 /* Frameworks */ = {
			isa = PBXGroup;
			children = (
				7BA36817410F5CC58B03C731 /* Pods_Tenor.framework */,
				8CD21D8471592E2C5968FEBF /* Pods_TenorTests.framework */,
			);
			name = Frameworks;
			sourceTree = "<group>";
		};
/* End PBXGroup section */

/* Begin PBXNativeTarget section */
		103A38AF213460EB00343B4C /* Tenor */ = {
			isa = PBXNativeTarget;
			buildConfigurationList = 103A38CD213460ED00343B4C /* Build configuration list for PBXNativeTarget "Tenor" */;
			buildPhases = (
				0A6C4422A8290A93C9C66E80 /* [CP] Check Pods Manifest.lock */,
				103A38AC213460EB00343B4C /* Sources */,
				103A38AD213460EB00343B4C /* Frameworks */,
				103A38AE213460EB00343B4C /* Resources */,
				D93BCF8A50E608761565ACAE /* [CP] Embed Pods Frameworks */,
			);
			buildRules = (
			);
			dependencies = (
			);
			name = Tenor;
			productName = Tenor;
			productReference = 103A38B0213460EB00343B4C /* Tenor.app */;
			productType = "com.apple.product-type.application";
		};
		103A38C3213460ED00343B4C /* TenorTests */ = {
			isa = PBXNativeTarget;
			buildConfigurationList = 103A38D0213460ED00343B4C /* Build configuration list for PBXNativeTarget "TenorTests" */;
			buildPhases = (
				E865EBF97E9EF39CBA475732 /* [CP] Check Pods Manifest.lock */,
				103A38C0213460ED00343B4C /* Sources */,
				103A38C1213460ED00343B4C /* Frameworks */,
				103A38C2213460ED00343B4C /* Resources */,
			);
			buildRules = (
			);
			dependencies = (
				103A38C6213460ED00343B4C /* PBXTargetDependency */,
			);
			name = TenorTests;
			productName = TenorTests;
			productReference = 103A38C4213460ED00343B4C /* TenorTests.xctest */;
			productType = "com.apple.product-type.bundle.unit-test";
		};
/* End PBXNativeTarget section */

/* Begin PBXProject section */
		103A38A8213460EB00343B4C /* Project object */ = {
			isa = PBXProject;
			attributes = {
				LastSwiftUpdateCheck = 0940;
				LastUpgradeCheck = 0940;
				ORGANIZATIONNAME = "Jitendra Gandhi";
				TargetAttributes = {
					103A38AF213460EB00343B4C = {
						CreatedOnToolsVersion = 9.4.1;
					};
					103A38C3213460ED00343B4C = {
						CreatedOnToolsVersion = 9.4.1;
						TestTargetID = 103A38AF213460EB00343B4C;
					};
				};
			};
			buildConfigurationList = 103A38AB213460EB00343B4C /* Build configuration list for PBXProject "Tenor" */;
			compatibilityVersion = "Xcode 9.3";
			developmentRegion = en;
			hasScannedForEncodings = 0;
			knownRegions = (
				en,
				Base,
			);
			mainGroup = 103A38A7213460EB00343B4C;
			productRefGroup = 103A38B1213460EB00343B4C /* Products */;
			projectDirPath = "";
			projectRoot = "";
			targets = (
				103A38AF213460EB00343B4C /* Tenor */,
				103A38C3213460ED00343B4C /* TenorTests */,
			);
		};
/* End PBXProject section */

/* Begin PBXResourcesBuildPhase section */
		103A38AE213460EB00343B4C /* Resources */ = {
			isa = PBXResourcesBuildPhase;
			buildActionMask = 2147483647;
			files = (
				103A38BE213460ED00343B4C /* LaunchScreen.storyboard in Resources */,
				103A38BB213460ED00343B4C /* Assets.xcassets in Resources */,
				103A38B9213460EB00343B4C /* Main.storyboard in Resources */,
			);
			runOnlyForDeploymentPostprocessing = 0;
		};
		103A38C2213460ED00343B4C /* Resources */ = {
			isa = PBXResourcesBuildPhase;
			buildActionMask = 2147483647;
			files = (
			);
			runOnlyForDeploymentPostprocessing = 0;
		};
/* End PBXResourcesBuildPhase section */

/* Begin PBXShellScriptBuildPhase section */
		0A6C4422A8290A93C9C66E80 /* [CP] Check Pods Manifest.lock */ = {
			isa = PBXShellScriptBuildPhase;
			buildActionMask = 2147483647;
			files = (
			);
			inputPaths = (
				"${PODS_PODFILE_DIR_PATH}/Podfile.lock",
				"${PODS_ROOT}/Manifest.lock",
			);
			name = "[CP] Check Pods Manifest.lock";
			outputPaths = (
				"$(DERIVED_FILE_DIR)/Pods-Tenor-checkManifestLockResult.txt",
			);
			runOnlyForDeploymentPostprocessing = 0;
			shellPath = /bin/sh;
			shellScript = "diff \"${PODS_PODFILE_DIR_PATH}/Podfile.lock\" \"${PODS_ROOT}/Manifest.lock\" > /dev/null\nif [ $? != 0 ] ; then\n    # print error to STDERR\n    echo \"error: The sandbox is not in sync with the Podfile.lock. Run 'pod install' or update your CocoaPods installation.\" >&2\n    exit 1\nfi\n# This output is used by Xcode 'outputs' to avoid re-running this script phase.\necho \"SUCCESS\" > \"${SCRIPT_OUTPUT_FILE_0}\"\n";
			showEnvVarsInLog = 0;
		};
		D93BCF8A50E608761565ACAE /* [CP] Embed Pods Frameworks */ = {
			isa = PBXShellScriptBuildPhase;
			buildActionMask = 2147483647;
			files = (
			);
			inputPaths = (
				"${SRCROOT}/Pods/Target Support Files/Pods-Tenor/Pods-Tenor-frameworks.sh",
				"${BUILT_PRODUCTS_DIR}/Alamofire/Alamofire.framework",
				"${BUILT_PRODUCTS_DIR}/AlamofireImage/AlamofireImage.framework",
				"${BUILT_PRODUCTS_DIR}/AlamofireNetworkActivityIndicator/AlamofireNetworkActivityIndicator.framework",
				"${BUILT_PRODUCTS_DIR}/IQKeyboardManagerSwift/IQKeyboardManagerSwift.framework",
			);
			name = "[CP] Embed Pods Frameworks";
			outputPaths = (
				"${TARGET_BUILD_DIR}/${FRAMEWORKS_FOLDER_PATH}/Alamofire.framework",
				"${TARGET_BUILD_DIR}/${FRAMEWORKS_FOLDER_PATH}/AlamofireImage.framework",
				"${TARGET_BUILD_DIR}/${FRAMEWORKS_FOLDER_PATH}/AlamofireNetworkActivityIndicator.framework",
				"${TARGET_BUILD_DIR}/${FRAMEWORKS_FOLDER_PATH}/IQKeyboardManagerSwift.framework",
			);
			runOnlyForDeploymentPostprocessing = 0;
			shellPath = /bin/sh;
			shellScript = "\"${SRCROOT}/Pods/Target Support Files/Pods-Tenor/Pods-Tenor-frameworks.sh\"\n";
			showEnvVarsInLog = 0;
		};
		E865EBF97E9EF39CBA475732 /* [CP] Check Pods Manifest.lock */ = {
			isa = PBXShellScriptBuildPhase;
			buildActionMask = 2147483647;
			files = (
			);
			inputPaths = (
				"${PODS_PODFILE_DIR_PATH}/Podfile.lock",
				"${PODS_ROOT}/Manifest.lock",
			);
			name = "[CP] Check Pods Manifest.lock";
			outputPaths = (
				"$(DERIVED_FILE_DIR)/Pods-TenorTests-checkManifestLockResult.txt",
			);
			runOnlyForDeploymentPostprocessing = 0;
			shellPath = /bin/sh;
			shellScript = "diff \"${PODS_PODFILE_DIR_PATH}/Podfile.lock\" \"${PODS_ROOT}/Manifest.lock\" > /dev/null\nif [ $? != 0 ] ; then\n    # print error to STDERR\n    echo \"error: The sandbox is not in sync with the Podfile.lock. Run 'pod install' or update your CocoaPods installation.\" >&2\n    exit 1\nfi\n# This output is used by Xcode 'outputs' to avoid re-running this script phase.\necho \"SUCCESS\" > \"${SCRIPT_OUTPUT_FILE_0}\"\n";
			showEnvVarsInLog = 0;
		};
/* End PBXShellScriptBuildPhase section */

/* Begin PBXSourcesBuildPhase section */
		103A38AC213460EB00343B4C /* Sources */ = {
			isa = PBXSourcesBuildPhase;
			buildActionMask = 2147483647;
			files = (
				103A38D8213466C200343B4C /* Response.swift in Sources */,
				103A38E4213474C600343B4C /* EndPoints.swift in Sources */,
				103A38D42134643300343B4C /* PreviewCell.swift in Sources */,
				103A38E62134754100343B4C /* URLManager.swift in Sources */,
				103A38DD21346A5600343B4C /* Media.swift in Sources */,
				103A38B6213460EB00343B4C /* SearchVC.swift in Sources */,
				103A38DB213467E500343B4C /* GIF.swift in Sources */,
				103A38E12134721100343B4C /* Configuration.swift in Sources */,
				103A38B4213460EB00343B4C /* AppDelegate.swift in Sources */,
				103A38DF21346CE300343B4C /* MediaCollection.swift in Sources */,
				103A38E82134765200343B4C /* Alias.swift in Sources */,
			);
			runOnlyForDeploymentPostprocessing = 0;
		};
		103A38C0213460ED00343B4C /* Sources */ = {
			isa = PBXSourcesBuildPhase;
			buildActionMask = 2147483647;
			files = (
				103A38C9213460ED00343B4C /* TenorTests.swift in Sources */,
			);
			runOnlyForDeploymentPostprocessing = 0;
		};
/* End PBXSourcesBuildPhase section */

/* Begin PBXTargetDependency section */
		103A38C6213460ED00343B4C /* PBXTargetDependency */ = {
			isa = PBXTargetDependency;
			target = 103A38AF213460EB00343B4C /* Tenor */;
			targetProxy = 103A38C5213460ED00343B4C /* PBXContainerItemProxy */;
		};
/* End PBXTargetDependency section */

/* Begin PBXVariantGroup section */
		103A38B7213460EB00343B4C /* Main.storyboard */ = {
			isa = PBXVariantGroup;
			children = (
				103A38B8213460EB00343B4C /* Base */,
			);
			name = Main.storyboard;
			sourceTree = "<group>";
		};
		103A38BC213460ED00343B4C /* LaunchScreen.storyboard */ = {
			isa = PBXVariantGroup;
			children = (
				103A38BD213460ED00343B4C /* Base */,
			);
			name = LaunchScreen.storyboard;
			sourceTree = "<group>";
		};
/* End PBXVariantGroup section */

/* Begin XCBuildConfiguration section */
		103A38CB213460ED00343B4C /* Debug */ = {
			isa = XCBuildConfiguration;
			buildSettings = {
				ALWAYS_SEARCH_USER_PATHS = NO;
				CLANG_ANALYZER_NONNULL = YES;
				CLANG_ANALYZER_NUMBER_OBJECT_CONVERSION = YES_AGGRESSIVE;
				CLANG_CXX_LANGUAGE_STANDARD = "gnu++14";
				CLANG_CXX_LIBRARY = "libc++";
				CLANG_ENABLE_MODULES = YES;
				CLANG_ENABLE_OBJC_ARC = YES;
				CLANG_ENABLE_OBJC_WEAK = YES;
				CLANG_WARN_BLOCK_CAPTURE_AUTORELEASING = YES;
				CLANG_WARN_BOOL_CONVERSION = YES;
				CLANG_WARN_COMMA = YES;
				CLANG_WARN_CONSTANT_CONVERSION = YES;
				CLANG_WARN_DEPRECATED_OBJC_IMPLEMENTATIONS = YES;
				CLANG_WARN_DIRECT_OBJC_ISA_USAGE = YES_ERROR;
				CLANG_WARN_DOCUMENTATION_COMMENTS = YES;
				CLANG_WARN_EMPTY_BODY = YES;
				CLANG_WARN_ENUM_CONVERSION = YES;
				CLANG_WARN_INFINITE_RECURSION = YES;
				CLANG_WARN_INT_CONVERSION = YES;
				CLANG_WARN_NON_LITERAL_NULL_CONVERSION = YES;
				CLANG_WARN_OBJC_IMPLICIT_RETAIN_SELF = YES;
				CLANG_WARN_OBJC_LITERAL_CONVERSION = YES;
				CLANG_WARN_OBJC_ROOT_CLASS = YES_ERROR;
				CLANG_WARN_RANGE_LOOP_ANALYSIS = YES;
				CLANG_WARN_STRICT_PROTOTYPES = YES;
				CLANG_WARN_SUSPICIOUS_MOVE = YES;
				CLANG_WARN_UNGUARDED_AVAILABILITY = YES_AGGRESSIVE;
				CLANG_WARN_UNREACHABLE_CODE = YES;
				CLANG_WARN__DUPLICATE_METHOD_MATCH = YES;
				CODE_SIGN_IDENTITY = "iPhone Developer";
				COPY_PHASE_STRIP = NO;
				DEBUG_INFORMATION_FORMAT = dwarf;
				ENABLE_STRICT_OBJC_MSGSEND = YES;
				ENABLE_TESTABILITY = YES;
				GCC_C_LANGUAGE_STANDARD = gnu11;
				GCC_DYNAMIC_NO_PIC = NO;
				GCC_NO_COMMON_BLOCKS = YES;
				GCC_OPTIMIZATION_LEVEL = 0;
				GCC_PREPROCESSOR_DEFINITIONS = (
					"DEBUG=1",
					"$(inherited)",
				);
				GCC_WARN_64_TO_32_BIT_CONVERSION = YES;
				GCC_WARN_ABOUT_RETURN_TYPE = YES_ERROR;
				GCC_WARN_UNDECLARED_SELECTOR = YES;
				GCC_WARN_UNINITIALIZED_AUTOS = YES_AGGRESSIVE;
				GCC_WARN_UNUSED_FUNCTION = YES;
				GCC_WARN_UNUSED_VARIABLE = YES;
				IPHONEOS_DEPLOYMENT_TARGET = 11.4;
				MTL_ENABLE_DEBUG_INFO = YES;
				ONLY_ACTIVE_ARCH = YES;
				SDKROOT = iphoneos;
				SWIFT_ACTIVE_COMPILATION_CONDITIONS = DEBUG;
				SWIFT_OPTIMIZATION_LEVEL = "-Onone";
			};
			name = Debug;
		};
		103A38CC213460ED00343B4C /* Release */ = {
			isa = XCBuildConfiguration;
			buildSettings = {
				ALWAYS_SEARCH_USER_PATHS = NO;
				CLANG_ANALYZER_NONNULL = YES;
				CLANG_ANALYZER_NUMBER_OBJECT_CONVERSION = YES_AGGRESSIVE;
				CLANG_CXX_LANGUAGE_STANDARD = "gnu++14";
				CLANG_CXX_LIBRARY = "libc++";
				CLANG_ENABLE_MODULES = YES;
				CLANG_ENABLE_OBJC_ARC = YES;
				CLANG_ENABLE_OBJC_WEAK = YES;
				CLANG_WARN_BLOCK_CAPTURE_AUTORELEASING = YES;
				CLANG_WARN_BOOL_CONVERSION = YES;
				CLANG_WARN_COMMA = YES;
				CLANG_WARN_CONSTANT_CONVERSION = YES;
				CLANG_WARN_DEPRECATED_OBJC_IMPLEMENTATIONS = YES;
				CLANG_WARN_DIRECT_OBJC_ISA_USAGE = YES_ERROR;
				CLANG_WARN_DOCUMENTATION_COMMENTS = YES;
				CLANG_WARN_EMPTY_BODY = YES;
				CLANG_WARN_ENUM_CONVERSION = YES;
				CLANG_WARN_INFINITE_RECURSION = YES;
				CLANG_WARN_INT_CONVERSION = YES;
				CLANG_WARN_NON_LITERAL_NULL_CONVERSION = YES;
				CLANG_WARN_OBJC_IMPLICIT_RETAIN_SELF = YES;
				CLANG_WARN_OBJC_LITERAL_CONVERSION = YES;
				CLANG_WARN_OBJC_ROOT_CLASS = YES_ERROR;
				CLANG_WARN_RANGE_LOOP_ANALYSIS = YES;
				CLANG_WARN_STRICT_PROTOTYPES = YES;
				CLANG_WARN_SUSPICIOUS_MOVE = YES;
				CLANG_WARN_UNGUARDED_AVAILABILITY = YES_AGGRESSIVE;
				CLANG_WARN_UNREACHABLE_CODE = YES;
				CLANG_WARN__DUPLICATE_METHOD_MATCH = YES;
				CODE_SIGN_IDENTITY = "iPhone Developer";
				COPY_PHASE_STRIP = NO;
				DEBUG_INFORMATION_FORMAT = "dwarf-with-dsym";
				ENABLE_NS_ASSERTIONS = NO;
				ENABLE_STRICT_OBJC_MSGSEND = YES;
				GCC_C_LANGUAGE_STANDARD = gnu11;
				GCC_NO_COMMON_BLOCKS = YES;
				GCC_WARN_64_TO_32_BIT_CONVERSION = YES;
				GCC_WARN_ABOUT_RETURN_TYPE = YES_ERROR;
				GCC_WARN_UNDECLARED_SELECTOR = YES;
				GCC_WARN_UNINITIALIZED_AUTOS = YES_AGGRESSIVE;
				GCC_WARN_UNUSED_FUNCTION = YES;
				GCC_WARN_UNUSED_VARIABLE = YES;
				IPHONEOS_DEPLOYMENT_TARGET = 11.4;
				MTL_ENABLE_DEBUG_INFO = NO;
				SDKROOT = iphoneos;
				SWIFT_COMPILATION_MODE = wholemodule;
				SWIFT_OPTIMIZATION_LEVEL = "-O";
				VALIDATE_PRODUCT = YES;
			};
			name = Release;
		};
		103A38CE213460ED00343B4C /* Debug */ = {
			isa = XCBuildConfiguration;
			baseConfigurationReference = E5A13FA28AF29149676D4425 /* Pods-Tenor.debug.xcconfig */;
			buildSettings = {
				ASSETCATALOG_COMPILER_APPICON_NAME = AppIcon;
				CODE_SIGN_STYLE = Automatic;
				INFOPLIST_FILE = Tenor/Info.plist;
				IPHONEOS_DEPLOYMENT_TARGET = 10.0;
				LD_RUNPATH_SEARCH_PATHS = "$(inherited) @executable_path/Frameworks";
				PRODUCT_BUNDLE_IDENTIFIER = com.itsji10dra.Tenor;
				PRODUCT_NAME = "$(TARGET_NAME)";
				SWIFT_VERSION = 4.0;
				TARGETED_DEVICE_FAMILY = "1,2";
			};
			name = Debug;
		};
		103A38CF213460ED00343B4C /* Release */ = {
			isa = XCBuildConfiguration;
			baseConfigurationReference = E2F6392B4A89950D616585D3 /* Pods-Tenor.release.xcconfig */;
			buildSettings = {
				ASSETCATALOG_COMPILER_APPICON_NAME = AppIcon;
				CODE_SIGN_STYLE = Automatic;
				INFOPLIST_FILE = Tenor/Info.plist;
				IPHONEOS_DEPLOYMENT_TARGET = 10.0;
				LD_RUNPATH_SEARCH_PATHS = "$(inherited) @executable_path/Frameworks";
				PRODUCT_BUNDLE_IDENTIFIER = com.itsji10dra.Tenor;
				PRODUCT_NAME = "$(TARGET_NAME)";
				SWIFT_VERSION = 4.0;
				TARGETED_DEVICE_FAMILY = "1,2";
			};
			name = Release;
		};
		103A38D1213460ED00343B4C /* Debug */ = {
			isa = XCBuildConfiguration;
			baseConfigurationReference = 178EC28A69CFC738B5DCED14 /* Pods-TenorTests.debug.xcconfig */;
			buildSettings = {
				ALWAYS_EMBED_SWIFT_STANDARD_LIBRARIES = YES;
				BUNDLE_LOADER = "$(TEST_HOST)";
				CODE_SIGN_STYLE = Automatic;
				INFOPLIST_FILE = TenorTests/Info.plist;
				LD_RUNPATH_SEARCH_PATHS = "$(inherited) @executable_path/Frameworks @loader_path/Frameworks";
				PRODUCT_BUNDLE_IDENTIFIER = com.itsji10dra.TenorTests;
				PRODUCT_NAME = "$(TARGET_NAME)";
				SWIFT_VERSION = 4.0;
				TARGETED_DEVICE_FAMILY = "1,2";
				TEST_HOST = "$(BUILT_PRODUCTS_DIR)/Tenor.app/Tenor";
			};
			name = Debug;
		};
		103A38D2213460ED00343B4C /* Release */ = {
			isa = XCBuildConfiguration;
			baseConfigurationReference = 33C070874EB971D05329F888 /* Pods-TenorTests.release.xcconfig */;
			buildSettings = {
				ALWAYS_EMBED_SWIFT_STANDARD_LIBRARIES = YES;
				BUNDLE_LOADER = "$(TEST_HOST)";
				CODE_SIGN_STYLE = Automatic;
				INFOPLIST_FILE = TenorTests/Info.plist;
				LD_RUNPATH_SEARCH_PATHS = "$(inherited) @executable_path/Frameworks @loader_path/Frameworks";
				PRODUCT_BUNDLE_IDENTIFIER = com.itsji10dra.TenorTests;
				PRODUCT_NAME = "$(TARGET_NAME)";
				SWIFT_VERSION = 4.0;
				TARGETED_DEVICE_FAMILY = "1,2";
				TEST_HOST = "$(BUILT_PRODUCTS_DIR)/Tenor.app/Tenor";
			};
			name = Release;
		};
/* End XCBuildConfiguration section */

/* Begin XCConfigurationList section */
		103A38AB213460EB00343B4C /* Build configuration list for PBXProject "Tenor" */ = {
			isa = XCConfigurationList;
			buildConfigurations = (
				103A38CB213460ED00343B4C /* Debug */,
				103A38CC213460ED00343B4C /* Release */,
			);
			defaultConfigurationIsVisible = 0;
			defaultConfigurationName = Release;
		};
		103A38CD213460ED00343B4C /* Build configuration list for PBXNativeTarget "Tenor" */ = {
			isa = XCConfigurationList;
			buildConfigurations = (
				103A38CE213460ED00343B4C /* Debug */,
				103A38CF213460ED00343B4C /* Release */,
			);
			defaultConfigurationIsVisible = 0;
			defaultConfigurationName = Release;
		};
		103A38D0213460ED00343B4C /* Build configuration list for PBXNativeTarget "TenorTests" */ = {
			isa = XCConfigurationList;
			buildConfigurations = (
				103A38D1213460ED00343B4C /* Debug */,
				103A38D2213460ED00343B4C /* Release */,
			);
			defaultConfigurationIsVisible = 0;
			defaultConfigurationName = Release;
		};
/* End XCConfigurationList section */
	};
	rootObject = 103A38A8213460EB00343B4C /* Project object */;
}
